
Microsoft Visual Studio Solution File, Format Version 12.00
# Visual Studio Version 16
VisualStudioVersion = 16.0.30621.155
MinimumVisualStudioVersion = 10.0.40219.1
Project("{FAE04EC0-301F-11D3-BF4B-00C04F79EFBC}") = "gov", "gov\gov.csproj", "{4CF92D0A-0042-48A9-921F-50D05E387153}"
EndProject
Global
	GlobalSection(SolutionConfigurationPlatforms) = preSolution
		Debug|Any CPU = Debug|Any CPU
		Release|Any CPU = Release|Any CPU
	EndGlobalSection
	GlobalSection(ProjectConfigurationPlatforms) = postSolution
		{4CF92D0A-0042-48A9-921F-50D05E387153}.Debug|Any CPU.ActiveCfg = Debug|Any CPU
		{4CF92D0A-0042-48A9-921F-50D05E387153}.Debug|Any CPU.Build.0 = Debug|Any CPU
		{4CF92D0A-0042-48A9-921F-50D05E387153}.Release|Any CPU.ActiveCfg = Release|Any CPU
		{4CF92D0A-0042-48A9-921F-50D05E387153}.Release|Any CPU.Build.0 = Release|Any CPU
	EndGlobalSection
	GlobalSection(SolutionProperties) = preSolution
		HideSolutionNode = FALSE
	EndGlobalSection
	GlobalSection(ExtensibilityGlobals) = postSolution
		SolutionGuid = {8E1EB4A0-1BD7-490A-A001-3763F01F9D49}
	EndGlobalSection
EndGlobal
